
Microsoft Visual Studio Solution File, Format Version 12.00
# Visual Studio Version 17
VisualStudioVersion = 17.8.34316.72
MinimumVisualStudioVersion = 10.0.40219.1
Project("{9A19103F-16F7-4668-BE54-9A1E7A4F7556}") = "cli", "prakti1\cli.csproj", "{51B9B84B-33CA-4EEC-9298-253CC44B1240}"
EndProject
Global
	GlobalSection(SolutionConfigurationPlatforms) = preSolution
		Debug|Any CPU = Debug|Any CPU
		Release|Any CPU = Release|Any CPU
	EndGlobalSection
	GlobalSection(ProjectConfigurationPlatforms) = postSolution
		{51B9B84B-33CA-4EEC-9298-253CC44B1240}.Debug|Any CPU.ActiveCfg = Debug|Any CPU
		{51B9B84B-33CA-4EEC-9298-253CC44B1240}.Debug|Any CPU.Build.0 = Debug|Any CPU
		{51B9B84B-33CA-4EEC-9298-253CC44B1240}.Release|Any CPU.ActiveCfg = Release|Any CPU
		{51B9B84B-33CA-4EEC-9298-253CC44B1240}.Release|Any CPU.Build.0 = Release|Any CPU
	EndGlobalSection
	GlobalSection(SolutionProperties) = preSolution
		HideSolutionNode = FALSE
	EndGlobalSection
	GlobalSection(ExtensibilityGlobals) = postSolution
		SolutionGuid = {A547DF3C-B2BD-4BF1-8C5E-DC0F3986C214}
	EndGlobalSection
EndGlobal
